
Microsoft Visual Studio Solution File, Format Version 12.00
# Visual Studio Version 16
VisualStudioVersion = 16.0.31515.178
MinimumVisualStudioVersion = 10.0.40219.1
Project("{F2A71F9B-5D33-465A-A702-920D77279786}") = "Lista-NumeroPrimus", "Lista-NumeroPrimus\Lista-NumeroPrimus.fsproj", "{FD61023A-5E08-45B8-AAD1-0B3691498F5D}"
EndProject
Global
	GlobalSection(SolutionConfigurationPlatforms) = preSolution
		Debug|Any CPU = Debug|Any CPU
		Release|Any CPU = Release|Any CPU
	EndGlobalSection
	GlobalSection(ProjectConfigurationPlatforms) = postSolution
		{FD61023A-5E08-45B8-AAD1-0B3691498F5D}.Debug|Any CPU.ActiveCfg = Debug|Any CPU
		{FD61023A-5E08-45B8-AAD1-0B3691498F5D}.Debug|Any CPU.Build.0 = Debug|Any CPU
		{FD61023A-5E08-45B8-AAD1-0B3691498F5D}.Release|Any CPU.ActiveCfg = Release|Any CPU
		{FD61023A-5E08-45B8-AAD1-0B3691498F5D}.Release|Any CPU.Build.0 = Release|Any CPU
	EndGlobalSection
	GlobalSection(SolutionProperties) = preSolution
		HideSolutionNode = FALSE
	EndGlobalSection
	GlobalSection(ExtensibilityGlobals) = postSolution
		SolutionGuid = {4267BB54-6762-47DE-BE43-126970B532AE}
	EndGlobalSection
EndGlobal
